
Microsoft Visual Studio Solution File, Format Version 12.00
# Visual Studio Version 17
VisualStudioVersion = 17.0.32112.339
MinimumVisualStudioVersion = 10.0.40219.1
Project("{8BC9CEB8-8B4A-11D0-8D11-00A0C91BC942}") = "task_21", "task_21\task_21.vcxproj", "{B47C3A03-D640-4407-9AF0-3BE0BD2A3311}"
EndProject
Project("{8BC9CEB8-8B4A-11D0-8D11-00A0C91BC942}") = "task_22", "task_22\task_22.vcxproj", "{9F9AECC9-7948-4083-AEE1-57A238EED151}"
EndProject
Project("{8BC9CEB8-8B4A-11D0-8D11-00A0C91BC942}") = "task_23", "task_23\task_23.vcxproj", "{BEA03658-2360-4258-97F1-399086250EAE}"
EndProject
Global
	GlobalSection(SolutionConfigurationPlatforms) = preSolution
		Debug|x64 = Debug|x64
		Debug|x86 = Debug|x86
		Release|x64 = Release|x64
		Release|x86 = Release|x86
	EndGlobalSection
	GlobalSection(ProjectConfigurationPlatforms) = postSolution
		{B47C3A03-D640-4407-9AF0-3BE0BD2A3311}.Debug|x64.ActiveCfg = Debug|x64
		{B47C3A03-D640-4407-9AF0-3BE0BD2A3311}.Debug|x64.Build.0 = Debug|x64
		{B47C3A03-D640-4407-9AF0-3BE0BD2A3311}.Debug|x86.ActiveCfg = Debug|Win32
		{B47C3A03-D640-4407-9AF0-3BE0BD2A3311}.Debug|x86.Build.0 = Debug|Win32
		{B47C3A03-D640-4407-9AF0-3BE0BD2A3311}.Release|x64.ActiveCfg = Release|x64
		{B47C3A03-D640-4407-9AF0-3BE0BD2A3311}.Release|x64.Build.0 = Release|x64
		{B47C3A03-D640-4407-9AF0-3BE0BD2A3311}.Release|x86.ActiveCfg = Release|Win32
		{B47C3A03-D640-4407-9AF0-3BE0BD2A3311}.Release|x86.Build.0 = Release|Win32
		{9F9AECC9-7948-4083-AEE1-57A238EED151}.Debug|x64.ActiveCfg = Debug|x64
		{9F9AECC9-7948-4083-AEE1-57A238EED151}.Debug|x64.Build.0 = Debug|x64
		{9F9AECC9-7948-4083-AEE1-57A238EED151}.Debug|x86.ActiveCfg = Debug|Win32
		{9F9AECC9-7948-4083-AEE1-57A238EED151}.Debug|x86.Build.0 = Debug|Win32
		{9F9AECC9-7948-4083-AEE1-57A238EED151}.Release|x64.ActiveCfg = Release|x64
		{9F9AECC9-7948-4083-AEE1-57A238EED151}.Release|x64.Build.0 = Release|x64
		{9F9AECC9-7948-4083-AEE1-57A238EED151}.Release|x86.ActiveCfg = Release|Win32
		{9F9AECC9-7948-4083-AEE1-57A238EED151}.Release|x86.Build.0 = Release|Win32
		{BEA03658-2360-4258-97F1-399086250EAE}.Debug|x64.ActiveCfg = Debug|x64
		{BEA03658-2360-4258-97F1-399086250EAE}.Debug|x64.Build.0 = Debug|x64
		{BEA03658-2360-4258-97F1-399086250EAE}.Debug|x86.ActiveCfg = Debug|Win32
		{BEA03658-2360-4258-97F1-399086250EAE}.Debug|x86.Build.0 = Debug|Win32
		{BEA03658-2360-4258-97F1-399086250EAE}.Release|x64.ActiveCfg = Release|x64
		{BEA03658-2360-4258-97F1-399086250EAE}.Release|x64.Build.0 = Release|x64
		{BEA03658-2360-4258-97F1-399086250EAE}.Release|x86.ActiveCfg = Release|Win32
		{BEA03658-2360-4258-97F1-399086250EAE}.Release|x86.Build.0 = Release|Win32
	EndGlobalSection
	GlobalSection(SolutionProperties) = preSolution
		HideSolutionNode = FALSE
	EndGlobalSection
	GlobalSection(ExtensibilityGlobals) = postSolution
		SolutionGuid = {0E3FD51E-3AEC-4EB0-8A7B-FFC75AE141DB}
	EndGlobalSection
EndGlobal
