
Microsoft Visual Studio Solution File, Format Version 12.00
# Visual Studio Version 17
VisualStudioVersion = 17.0.32112.339
MinimumVisualStudioVersion = 10.0.40219.1
Project("{8BC9CEB8-8B4A-11D0-8D11-00A0C91BC942}") = "task_21", "task_21\task_21.vcxproj", "{B47C3A03-D640-4407-9AF0-3BE0BD2A3311}"
EndProject
Project("{8BC9CEB8-8B4A-11D0-8D11-00A0C91BC942}") = "task_22", "task_22\task_22.vcxproj", "{9F9AECC9-7948-4083-AEE1-57A238EED151}"
EndProject
Project("{8BC9CEB8-8B4A-11D0-8D11-00A0C91BC942}") = "task_23", "task_23\task_23.vcxproj", "{BEA03658-2360-4258-97F1-399086250EAE}"
EndProject
Project("{8BC9CEB8-8B4A-11D0-8D11-00A0C91BC942}") = "task_24", "task_24\task_24.vcxproj", "{0D4FD5DD-A95C-4692-8C14-8927EE3BF1EA}"
EndProject
Project("{8BC9CEB8-8B4A-11D0-8D11-00A0C91BC942}") = "task_25", "task_25\task_25.vcxproj", "{753AEE49-E24B-4320-B128-D8DD0E0E51E2}"
EndProject
Project("{8BC9CEB8-8B4A-11D0-8D11-00A0C91BC942}") = "task_26", "task_26\task_26.vcxproj", "{4928533A-ADE1-4632-AB76-7692B7165179}"
EndProject
Project("{8BC9CEB8-8B4A-11D0-8D11-00A0C91BC942}") = "task_27", "task_27\task_27.vcxproj", "{AD600321-A8F4-483D-943E-C890A7C743F9}"
EndProject
Project("{8BC9CEB8-8B4A-11D0-8D11-00A0C91BC942}") = "task_28", "task_28\task_28.vcxproj", "{8405EFB9-7A7F-4CD4-9928-73BCD8F5F344}"
EndProject
Project("{8BC9CEB8-8B4A-11D0-8D11-00A0C91BC942}") = "temp", "temp\temp.vcxproj", "{BCDDB3EB-4EB4-40C3-ADAE-C44EDC0A37E2}"
EndProject
Project("{8BC9CEB8-8B4A-11D0-8D11-00A0C91BC942}") = "task_33", "task_33\task_33.vcxproj", "{EF0D507A-37E0-4C42-BCC5-9F8A95CF23C2}"
EndProject
Project("{8BC9CEB8-8B4A-11D0-8D11-00A0C91BC942}") = "task_34", "task_34\task_34.vcxproj", "{2A097DB8-D47E-45C1-9B0E-068697DA0B7D}"
EndProject
Project("{8BC9CEB8-8B4A-11D0-8D11-00A0C91BC942}") = "task_35", "task_35\task_35.vcxproj", "{C39075EC-1EA0-4BA5-9C2E-E2E116C6CB9E}"
EndProject
Project("{8BC9CEB8-8B4A-11D0-8D11-00A0C91BC942}") = "task_36", "task_36\task_36.vcxproj", "{0A27DD31-1C74-4560-A247-AC643B40C43B}"
EndProject
Project("{8BC9CEB8-8B4A-11D0-8D11-00A0C91BC942}") = "task_37", "task_37\task_37.vcxproj", "{EF3B03FD-F3B7-4422-8F4A-CA924F5B2F86}"
EndProject
Project("{8BC9CEB8-8B4A-11D0-8D11-00A0C91BC942}") = "task_38", "task_38\task_38.vcxproj", "{A002EB7D-A0A8-4289-B343-DA2D8B986445}"
EndProject
Project("{8BC9CEB8-8B4A-11D0-8D11-00A0C91BC942}") = "task_39", "task_39\task_39.vcxproj", "{A85B200D-4821-402B-A120-2F18C9ADDFA3}"
EndProject
Project("{8BC9CEB8-8B4A-11D0-8D11-00A0C91BC942}") = "task_40", "task_40\task_40.vcxproj", "{C57CC487-2779-4DF5-870E-0EE351A5DAB0}"
EndProject
Project("{8BC9CEB8-8B4A-11D0-8D11-00A0C91BC942}") = "task_42", "task_42\task_42.vcxproj", "{296D226F-D488-4015-BEBC-EE31C79AE8BE}"
EndProject
Project("{8BC9CEB8-8B4A-11D0-8D11-00A0C91BC942}") = "task_44", "task_44\task_44.vcxproj", "{35A682AA-11B1-4E71-BC8F-86AB42762B71}"
EndProject
Project("{8BC9CEB8-8B4A-11D0-8D11-00A0C91BC942}") = "task_45", "task_45\task_45.vcxproj", "{94E77981-2572-45F3-A07F-923A263981B5}"
EndProject
Project("{8BC9CEB8-8B4A-11D0-8D11-00A0C91BC942}") = "task_46", "task_46\task_46.vcxproj", "{375F5D30-C735-4F62-B608-B70C0670EBDB}"
EndProject
Global
	GlobalSection(SolutionConfigurationPlatforms) = preSolution
		Debug|x64 = Debug|x64
		Debug|x86 = Debug|x86
		Release|x64 = Release|x64
		Release|x86 = Release|x86
	EndGlobalSection
	GlobalSection(ProjectConfigurationPlatforms) = postSolution
		{B47C3A03-D640-4407-9AF0-3BE0BD2A3311}.Debug|x64.ActiveCfg = Debug|x64
		{B47C3A03-D640-4407-9AF0-3BE0BD2A3311}.Debug|x64.Build.0 = Debug|x64
		{B47C3A03-D640-4407-9AF0-3BE0BD2A3311}.Debug|x86.ActiveCfg = Debug|Win32
		{B47C3A03-D640-4407-9AF0-3BE0BD2A3311}.Debug|x86.Build.0 = Debug|Win32
		{B47C3A03-D640-4407-9AF0-3BE0BD2A3311}.Release|x64.ActiveCfg = Release|x64
		{B47C3A03-D640-4407-9AF0-3BE0BD2A3311}.Release|x64.Build.0 = Release|x64
		{B47C3A03-D640-4407-9AF0-3BE0BD2A3311}.Release|x86.ActiveCfg = Release|Win32
		{B47C3A03-D640-4407-9AF0-3BE0BD2A3311}.Release|x86.Build.0 = Release|Win32
		{9F9AECC9-7948-4083-AEE1-57A238EED151}.Debug|x64.ActiveCfg = Debug|x64
		{9F9AECC9-7948-4083-AEE1-57A238EED151}.Debug|x64.Build.0 = Debug|x64
		{9F9AECC9-7948-4083-AEE1-57A238EED151}.Debug|x86.ActiveCfg = Debug|Win32
		{9F9AECC9-7948-4083-AEE1-57A238EED151}.Debug|x86.Build.0 = Debug|Win32
		{9F9AECC9-7948-4083-AEE1-57A238EED151}.Release|x64.ActiveCfg = Release|x64
		{9F9AECC9-7948-4083-AEE1-57A238EED151}.Release|x64.Build.0 = Release|x64
		{9F9AECC9-7948-4083-AEE1-57A238EED151}.Release|x86.ActiveCfg = Release|Win32
		{9F9AECC9-7948-4083-AEE1-57A238EED151}.Release|x86.Build.0 = Release|Win32
		{BEA03658-2360-4258-97F1-399086250EAE}.Debug|x64.ActiveCfg = Debug|x64
		{BEA03658-2360-4258-97F1-399086250EAE}.Debug|x64.Build.0 = Debug|x64
		{BEA03658-2360-4258-97F1-399086250EAE}.Debug|x86.ActiveCfg = Debug|Win32
		{BEA03658-2360-4258-97F1-399086250EAE}.Debug|x86.Build.0 = Debug|Win32
		{BEA03658-2360-4258-97F1-399086250EAE}.Release|x64.ActiveCfg = Release|x64
		{BEA03658-2360-4258-97F1-399086250EAE}.Release|x64.Build.0 = Release|x64
		{BEA03658-2360-4258-97F1-399086250EAE}.Release|x86.ActiveCfg = Release|Win32
		{BEA03658-2360-4258-97F1-399086250EAE}.Release|x86.Build.0 = Release|Win32
		{0D4FD5DD-A95C-4692-8C14-8927EE3BF1EA}.Debug|x64.ActiveCfg = Debug|x64
		{0D4FD5DD-A95C-4692-8C14-8927EE3BF1EA}.Debug|x64.Build.0 = Debug|x64
		{0D4FD5DD-A95C-4692-8C14-8927EE3BF1EA}.Debug|x86.ActiveCfg = Debug|Win32
		{0D4FD5DD-A95C-4692-8C14-8927EE3BF1EA}.Debug|x86.Build.0 = Debug|Win32
		{0D4FD5DD-A95C-4692-8C14-8927EE3BF1EA}.Release|x64.ActiveCfg = Release|x64
		{0D4FD5DD-A95C-4692-8C14-8927EE3BF1EA}.Release|x64.Build.0 = Release|x64
		{0D4FD5DD-A95C-4692-8C14-8927EE3BF1EA}.Release|x86.ActiveCfg = Release|Win32
		{0D4FD5DD-A95C-4692-8C14-8927EE3BF1EA}.Release|x86.Build.0 = Release|Win32
		{753AEE49-E24B-4320-B128-D8DD0E0E51E2}.Debug|x64.ActiveCfg = Debug|x64
		{753AEE49-E24B-4320-B128-D8DD0E0E51E2}.Debug|x64.Build.0 = Debug|x64
		{753AEE49-E24B-4320-B128-D8DD0E0E51E2}.Debug|x86.ActiveCfg = Debug|Win32
		{753AEE49-E24B-4320-B128-D8DD0E0E51E2}.Debug|x86.Build.0 = Debug|Win32
		{753AEE49-E24B-4320-B128-D8DD0E0E51E2}.Release|x64.ActiveCfg = Release|x64
		{753AEE49-E24B-4320-B128-D8DD0E0E51E2}.Release|x64.Build.0 = Release|x64
		{753AEE49-E24B-4320-B128-D8DD0E0E51E2}.Release|x86.ActiveCfg = Release|Win32
		{753AEE49-E24B-4320-B128-D8DD0E0E51E2}.Release|x86.Build.0 = Release|Win32
		{4928533A-ADE1-4632-AB76-7692B7165179}.Debug|x64.ActiveCfg = Debug|x64
		{4928533A-ADE1-4632-AB76-7692B7165179}.Debug|x64.Build.0 = Debug|x64
		{4928533A-ADE1-4632-AB76-7692B7165179}.Debug|x86.ActiveCfg = Debug|Win32
		{4928533A-ADE1-4632-AB76-7692B7165179}.Debug|x86.Build.0 = Debug|Win32
		{4928533A-ADE1-4632-AB76-7692B7165179}.Release|x64.ActiveCfg = Release|x64
		{4928533A-ADE1-4632-AB76-7692B7165179}.Release|x64.Build.0 = Release|x64
		{4928533A-ADE1-4632-AB76-7692B7165179}.Release|x86.ActiveCfg = Release|Win32
		{4928533A-ADE1-4632-AB76-7692B7165179}.Release|x86.Build.0 = Release|Win32
		{AD600321-A8F4-483D-943E-C890A7C743F9}.Debug|x64.ActiveCfg = Debug|x64
		{AD600321-A8F4-483D-943E-C890A7C743F9}.Debug|x64.Build.0 = Debug|x64
		{AD600321-A8F4-483D-943E-C890A7C743F9}.Debug|x86.ActiveCfg = Debug|Win32
		{AD600321-A8F4-483D-943E-C890A7C743F9}.Debug|x86.Build.0 = Debug|Win32
		{AD600321-A8F4-483D-943E-C890A7C743F9}.Release|x64.ActiveCfg = Release|x64
		{AD600321-A8F4-483D-943E-C890A7C743F9}.Release|x64.Build.0 = Release|x64
		{AD600321-A8F4-483D-943E-C890A7C743F9}.Release|x86.ActiveCfg = Release|Win32
		{AD600321-A8F4-483D-943E-C890A7C743F9}.Release|x86.Build.0 = Release|Win32
		{8405EFB9-7A7F-4CD4-9928-73BCD8F5F344}.Debug|x64.ActiveCfg = Debug|x64
		{8405EFB9-7A7F-4CD4-9928-73BCD8F5F344}.Debug|x64.Build.0 = Debug|x64
		{8405EFB9-7A7F-4CD4-9928-73BCD8F5F344}.Debug|x86.ActiveCfg = Debug|Win32
		{8405EFB9-7A7F-4CD4-9928-73BCD8F5F344}.Debug|x86.Build.0 = Debug|Win32
		{8405EFB9-7A7F-4CD4-9928-73BCD8F5F344}.Release|x64.ActiveCfg = Release|x64
		{8405EFB9-7A7F-4CD4-9928-73BCD8F5F344}.Release|x64.Build.0 = Release|x64
		{8405EFB9-7A7F-4CD4-9928-73BCD8F5F344}.Release|x86.ActiveCfg = Release|Win32
		{8405EFB9-7A7F-4CD4-9928-73BCD8F5F344}.Release|x86.Build.0 = Release|Win32
		{BCDDB3EB-4EB4-40C3-ADAE-C44EDC0A37E2}.Debug|x64.ActiveCfg = Debug|x64
		{BCDDB3EB-4EB4-40C3-ADAE-C44EDC0A37E2}.Debug|x64.Build.0 = Debug|x64
		{BCDDB3EB-4EB4-40C3-ADAE-C44EDC0A37E2}.Debug|x86.ActiveCfg = Debug|Win32
		{BCDDB3EB-4EB4-40C3-ADAE-C44EDC0A37E2}.Debug|x86.Build.0 = Debug|Win32
		{BCDDB3EB-4EB4-40C3-ADAE-C44EDC0A37E2}.Release|x64.ActiveCfg = Release|x64
		{BCDDB3EB-4EB4-40C3-ADAE-C44EDC0A37E2}.Release|x64.Build.0 = Release|x64
		{BCDDB3EB-4EB4-40C3-ADAE-C44EDC0A37E2}.Release|x86.ActiveCfg = Release|Win32
		{BCDDB3EB-4EB4-40C3-ADAE-C44EDC0A37E2}.Release|x86.Build.0 = Release|Win32
		{EF0D507A-37E0-4C42-BCC5-9F8A95CF23C2}.Debug|x64.ActiveCfg = Debug|x64
		{EF0D507A-37E0-4C42-BCC5-9F8A95CF23C2}.Debug|x64.Build.0 = Debug|x64
		{EF0D507A-37E0-4C42-BCC5-9F8A95CF23C2}.Debug|x86.ActiveCfg = Debug|Win32
		{EF0D507A-37E0-4C42-BCC5-9F8A95CF23C2}.Debug|x86.Build.0 = Debug|Win32
		{EF0D507A-37E0-4C42-BCC5-9F8A95CF23C2}.Release|x64.ActiveCfg = Release|x64
		{EF0D507A-37E0-4C42-BCC5-9F8A95CF23C2}.Release|x64.Build.0 = Release|x64
		{EF0D507A-37E0-4C42-BCC5-9F8A95CF23C2}.Release|x86.ActiveCfg = Release|Win32
		{EF0D507A-37E0-4C42-BCC5-9F8A95CF23C2}.Release|x86.Build.0 = Release|Win32
		{2A097DB8-D47E-45C1-9B0E-068697DA0B7D}.Debug|x64.ActiveCfg = Debug|x64
		{2A097DB8-D47E-45C1-9B0E-068697DA0B7D}.Debug|x64.Build.0 = Debug|x64
		{2A097DB8-D47E-45C1-9B0E-068697DA0B7D}.Debug|x86.ActiveCfg = Debug|Win32
		{2A097DB8-D47E-45C1-9B0E-068697DA0B7D}.Debug|x86.Build.0 = Debug|Win32
		{2A097DB8-D47E-45C1-9B0E-068697DA0B7D}.Release|x64.ActiveCfg = Release|x64
		{2A097DB8-D47E-45C1-9B0E-068697DA0B7D}.Release|x64.Build.0 = Release|x64
		{2A097DB8-D47E-45C1-9B0E-068697DA0B7D}.Release|x86.ActiveCfg = Release|Win32
		{2A097DB8-D47E-45C1-9B0E-068697DA0B7D}.Release|x86.Build.0 = Release|Win32
		{C39075EC-1EA0-4BA5-9C2E-E2E116C6CB9E}.Debug|x64.ActiveCfg = Debug|x64
		{C39075EC-1EA0-4BA5-9C2E-E2E116C6CB9E}.Debug|x64.Build.0 = Debug|x64
		{C39075EC-1EA0-4BA5-9C2E-E2E116C6CB9E}.Debug|x86.ActiveCfg = Debug|Win32
		{C39075EC-1EA0-4BA5-9C2E-E2E116C6CB9E}.Debug|x86.Build.0 = Debug|Win32
		{C39075EC-1EA0-4BA5-9C2E-E2E116C6CB9E}.Release|x64.ActiveCfg = Release|x64
		{C39075EC-1EA0-4BA5-9C2E-E2E116C6CB9E}.Release|x64.Build.0 = Release|x64
		{C39075EC-1EA0-4BA5-9C2E-E2E116C6CB9E}.Release|x86.ActiveCfg = Release|Win32
		{C39075EC-1EA0-4BA5-9C2E-E2E116C6CB9E}.Release|x86.Build.0 = Release|Win32
		{0A27DD31-1C74-4560-A247-AC643B40C43B}.Debug|x64.ActiveCfg = Debug|x64
		{0A27DD31-1C74-4560-A247-AC643B40C43B}.Debug|x64.Build.0 = Debug|x64
		{0A27DD31-1C74-4560-A247-AC643B40C43B}.Debug|x86.ActiveCfg = Debug|Win32
		{0A27DD31-1C74-4560-A247-AC643B40C43B}.Debug|x86.Build.0 = Debug|Win32
		{0A27DD31-1C74-4560-A247-AC643B40C43B}.Release|x64.ActiveCfg = Release|x64
		{0A27DD31-1C74-4560-A247-AC643B40C43B}.Release|x64.Build.0 = Release|x64
		{0A27DD31-1C74-4560-A247-AC643B40C43B}.Release|x86.ActiveCfg = Release|Win32
		{0A27DD31-1C74-4560-A247-AC643B40C43B}.Release|x86.Build.0 = Release|Win32
		{EF3B03FD-F3B7-4422-8F4A-CA924F5B2F86}.Debug|x64.ActiveCfg = Debug|x64
		{EF3B03FD-F3B7-4422-8F4A-CA924F5B2F86}.Debug|x64.Build.0 = Debug|x64
		{EF3B03FD-F3B7-4422-8F4A-CA924F5B2F86}.Debug|x86.ActiveCfg = Debug|Win32
		{EF3B03FD-F3B7-4422-8F4A-CA924F5B2F86}.Debug|x86.Build.0 = Debug|Win32
		{EF3B03FD-F3B7-4422-8F4A-CA924F5B2F86}.Release|x64.ActiveCfg = Release|x64
		{EF3B03FD-F3B7-4422-8F4A-CA924F5B2F86}.Release|x64.Build.0 = Release|x64
		{EF3B03FD-F3B7-4422-8F4A-CA924F5B2F86}.Release|x86.ActiveCfg = Release|Win32
		{EF3B03FD-F3B7-4422-8F4A-CA924F5B2F86}.Release|x86.Build.0 = Release|Win32
		{A002EB7D-A0A8-4289-B343-DA2D8B986445}.Debug|x64.ActiveCfg = Debug|x64
		{A002EB7D-A0A8-4289-B343-DA2D8B986445}.Debug|x64.Build.0 = Debug|x64
		{A002EB7D-A0A8-4289-B343-DA2D8B986445}.Debug|x86.ActiveCfg = Debug|Win32
		{A002EB7D-A0A8-4289-B343-DA2D8B986445}.Debug|x86.Build.0 = Debug|Win32
		{A002EB7D-A0A8-4289-B343-DA2D8B986445}.Release|x64.ActiveCfg = Release|x64
		{A002EB7D-A0A8-4289-B343-DA2D8B986445}.Release|x64.Build.0 = Release|x64
		{A002EB7D-A0A8-4289-B343-DA2D8B986445}.Release|x86.ActiveCfg = Release|Win32
		{A002EB7D-A0A8-4289-B343-DA2D8B986445}.Release|x86.Build.0 = Release|Win32
		{A85B200D-4821-402B-A120-2F18C9ADDFA3}.Debug|x64.ActiveCfg = Debug|x64
		{A85B200D-4821-402B-A120-2F18C9ADDFA3}.Debug|x64.Build.0 = Debug|x64
		{A85B200D-4821-402B-A120-2F18C9ADDFA3}.Debug|x86.ActiveCfg = Debug|Win32
		{A85B200D-4821-402B-A120-2F18C9ADDFA3}.Debug|x86.Build.0 = Debug|Win32
		{A85B200D-4821-402B-A120-2F18C9ADDFA3}.Release|x64.ActiveCfg = Release|x64
		{A85B200D-4821-402B-A120-2F18C9ADDFA3}.Release|x64.Build.0 = Release|x64
		{A85B200D-4821-402B-A120-2F18C9ADDFA3}.Release|x86.ActiveCfg = Release|Win32
		{A85B200D-4821-402B-A120-2F18C9ADDFA3}.Release|x86.Build.0 = Release|Win32
		{C57CC487-2779-4DF5-870E-0EE351A5DAB0}.Debug|x64.ActiveCfg = Debug|x64
		{C57CC487-2779-4DF5-870E-0EE351A5DAB0}.Debug|x64.Build.0 = Debug|x64
		{C57CC487-2779-4DF5-870E-0EE351A5DAB0}.Debug|x86.ActiveCfg = Debug|Win32
		{C57CC487-2779-4DF5-870E-0EE351A5DAB0}.Debug|x86.Build.0 = Debug|Win32
		{C57CC487-2779-4DF5-870E-0EE351A5DAB0}.Release|x64.ActiveCfg = Release|x64
		{C57CC487-2779-4DF5-870E-0EE351A5DAB0}.Release|x64.Build.0 = Release|x64
		{C57CC487-2779-4DF5-870E-0EE351A5DAB0}.Release|x86.ActiveCfg = Release|Win32
		{C57CC487-2779-4DF5-870E-0EE351A5DAB0}.Release|x86.Build.0 = Release|Win32
		{296D226F-D488-4015-BEBC-EE31C79AE8BE}.Debug|x64.ActiveCfg = Debug|x64
		{296D226F-D488-4015-BEBC-EE31C79AE8BE}.Debug|x64.Build.0 = Debug|x64
		{296D226F-D488-4015-BEBC-EE31C79AE8BE}.Debug|x86.ActiveCfg = Debug|Win32
		{296D226F-D488-4015-BEBC-EE31C79AE8BE}.Debug|x86.Build.0 = Debug|Win32
		{296D226F-D488-4015-BEBC-EE31C79AE8BE}.Release|x64.ActiveCfg = Release|x64
		{296D226F-D488-4015-BEBC-EE31C79AE8BE}.Release|x64.Build.0 = Release|x64
		{296D226F-D488-4015-BEBC-EE31C79AE8BE}.Release|x86.ActiveCfg = Release|Win32
		{296D226F-D488-4015-BEBC-EE31C79AE8BE}.Release|x86.Build.0 = Release|Win32
		{35A682AA-11B1-4E71-BC8F-86AB42762B71}.Debug|x64.ActiveCfg = Debug|x64
		{35A682AA-11B1-4E71-BC8F-86AB42762B71}.Debug|x64.Build.0 = Debug|x64
		{35A682AA-11B1-4E71-BC8F-86AB42762B71}.Debug|x86.ActiveCfg = Debug|Win32
		{35A682AA-11B1-4E71-BC8F-86AB42762B71}.Debug|x86.Build.0 = Debug|Win32
		{35A682AA-11B1-4E71-BC8F-86AB42762B71}.Release|x64.ActiveCfg = Release|x64
		{35A682AA-11B1-4E71-BC8F-86AB42762B71}.Release|x64.Build.0 = Release|x64
		{35A682AA-11B1-4E71-BC8F-86AB42762B71}.Release|x86.ActiveCfg = Release|Win32
		{35A682AA-11B1-4E71-BC8F-86AB42762B71}.Release|x86.Build.0 = Release|Win32
		{94E77981-2572-45F3-A07F-923A263981B5}.Debug|x64.ActiveCfg = Debug|x64
		{94E77981-2572-45F3-A07F-923A263981B5}.Debug|x64.Build.0 = Debug|x64
		{94E77981-2572-45F3-A07F-923A263981B5}.Debug|x86.ActiveCfg = Debug|Win32
		{94E77981-2572-45F3-A07F-923A263981B5}.Debug|x86.Build.0 = Debug|Win32
		{94E77981-2572-45F3-A07F-923A263981B5}.Release|x64.ActiveCfg = Release|x64
		{94E77981-2572-45F3-A07F-923A263981B5}.Release|x64.Build.0 = Release|x64
		{94E77981-2572-45F3-A07F-923A263981B5}.Release|x86.ActiveCfg = Release|Win32
		{94E77981-2572-45F3-A07F-923A263981B5}.Release|x86.Build.0 = Release|Win32
		{375F5D30-C735-4F62-B608-B70C0670EBDB}.Debug|x64.ActiveCfg = Debug|x64
		{375F5D30-C735-4F62-B608-B70C0670EBDB}.Debug|x64.Build.0 = Debug|x64
		{375F5D30-C735-4F62-B608-B70C0670EBDB}.Debug|x86.ActiveCfg = Debug|Win32
		{375F5D30-C735-4F62-B608-B70C0670EBDB}.Debug|x86.Build.0 = Debug|Win32
		{375F5D30-C735-4F62-B608-B70C0670EBDB}.Release|x64.ActiveCfg = Release|x64
		{375F5D30-C735-4F62-B608-B70C0670EBDB}.Release|x64.Build.0 = Release|x64
		{375F5D30-C735-4F62-B608-B70C0670EBDB}.Release|x86.ActiveCfg = Release|Win32
		{375F5D30-C735-4F62-B608-B70C0670EBDB}.Release|x86.Build.0 = Release|Win32
	EndGlobalSection
	GlobalSection(SolutionProperties) = preSolution
		HideSolutionNode = FALSE
	EndGlobalSection
	GlobalSection(ExtensibilityGlobals) = postSolution
		SolutionGuid = {0E3FD51E-3AEC-4EB0-8A7B-FFC75AE141DB}
	EndGlobalSection
EndGlobal
